
Microsoft Visual Studio Solution File, Format Version 12.00
# Visual Studio Version 17
VisualStudioVersion = 17.6.33723.286
MinimumVisualStudioVersion = 10.0.40219.1
Project("{FAE04EC0-301F-11D3-BF4B-00C04F79EFBC}") = "sheep-injector", "sheep-injector\sheep-injector.csproj", "{1448E2A0-A52A-4EDA-B567-042E97175C8D}"
EndProject
Project("{8BC9CEB8-8B4A-11D0-8D11-00A0C91BC942}") = "sheep-injector-api", "sheep-injector-api\sheep-injector-api.vcxproj", "{C2E468E3-D170-4882-AFFF-5D5365F54BEA}"
EndProject
Project("{8BC9CEB8-8B4A-11D0-8D11-00A0C91BC942}") = "testdll", "testdll\testdll.vcxproj", "{9EA16350-FCE2-42D9-A564-B004CEAE5D77}"
EndProject
Global
	GlobalSection(SolutionConfigurationPlatforms) = preSolution
		Debug|Any CPU = Debug|Any CPU
		Debug|x64 = Debug|x64
		Debug|x86 = Debug|x86
		Release|Any CPU = Release|Any CPU
		Release|x64 = Release|x64
		Release|x86 = Release|x86
	EndGlobalSection
	GlobalSection(ProjectConfigurationPlatforms) = postSolution
		{1448E2A0-A52A-4EDA-B567-042E97175C8D}.Debug|Any CPU.ActiveCfg = Debug|Any CPU
		{1448E2A0-A52A-4EDA-B567-042E97175C8D}.Debug|Any CPU.Build.0 = Debug|Any CPU
		{1448E2A0-A52A-4EDA-B567-042E97175C8D}.Debug|x64.ActiveCfg = Debug|x64
		{1448E2A0-A52A-4EDA-B567-042E97175C8D}.Debug|x64.Build.0 = Debug|x64
		{1448E2A0-A52A-4EDA-B567-042E97175C8D}.Debug|x86.ActiveCfg = Debug|Any CPU
		{1448E2A0-A52A-4EDA-B567-042E97175C8D}.Debug|x86.Build.0 = Debug|Any CPU
		{1448E2A0-A52A-4EDA-B567-042E97175C8D}.Release|Any CPU.ActiveCfg = Release|Any CPU
		{1448E2A0-A52A-4EDA-B567-042E97175C8D}.Release|Any CPU.Build.0 = Release|Any CPU
		{1448E2A0-A52A-4EDA-B567-042E97175C8D}.Release|x64.ActiveCfg = Release|Any CPU
		{1448E2A0-A52A-4EDA-B567-042E97175C8D}.Release|x64.Build.0 = Release|Any CPU
		{1448E2A0-A52A-4EDA-B567-042E97175C8D}.Release|x86.ActiveCfg = Release|Any CPU
		{1448E2A0-A52A-4EDA-B567-042E97175C8D}.Release|x86.Build.0 = Release|Any CPU
		{C2E468E3-D170-4882-AFFF-5D5365F54BEA}.Debug|Any CPU.ActiveCfg = Debug|x64
		{C2E468E3-D170-4882-AFFF-5D5365F54BEA}.Debug|Any CPU.Build.0 = Debug|x64
		{C2E468E3-D170-4882-AFFF-5D5365F54BEA}.Debug|x64.ActiveCfg = Debug|x64
		{C2E468E3-D170-4882-AFFF-5D5365F54BEA}.Debug|x64.Build.0 = Debug|x64
		{C2E468E3-D170-4882-AFFF-5D5365F54BEA}.Debug|x86.ActiveCfg = Debug|Win32
		{C2E468E3-D170-4882-AFFF-5D5365F54BEA}.Debug|x86.Build.0 = Debug|Win32
		{C2E468E3-D170-4882-AFFF-5D5365F54BEA}.Release|Any CPU.ActiveCfg = Release|x64
		{C2E468E3-D170-4882-AFFF-5D5365F54BEA}.Release|Any CPU.Build.0 = Release|x64
		{C2E468E3-D170-4882-AFFF-5D5365F54BEA}.Release|x64.ActiveCfg = Release|x64
		{C2E468E3-D170-4882-AFFF-5D5365F54BEA}.Release|x64.Build.0 = Release|x64
		{C2E468E3-D170-4882-AFFF-5D5365F54BEA}.Release|x86.ActiveCfg = Release|Win32
		{C2E468E3-D170-4882-AFFF-5D5365F54BEA}.Release|x86.Build.0 = Release|Win32
		{9EA16350-FCE2-42D9-A564-B004CEAE5D77}.Debug|Any CPU.ActiveCfg = Debug|x64
		{9EA16350-FCE2-42D9-A564-B004CEAE5D77}.Debug|Any CPU.Build.0 = Debug|x64
		{9EA16350-FCE2-42D9-A564-B004CEAE5D77}.Debug|x64.ActiveCfg = Debug|x64
		{9EA16350-FCE2-42D9-A564-B004CEAE5D77}.Debug|x64.Build.0 = Debug|x64
		{9EA16350-FCE2-42D9-A564-B004CEAE5D77}.Debug|x86.ActiveCfg = Debug|Win32
		{9EA16350-FCE2-42D9-A564-B004CEAE5D77}.Debug|x86.Build.0 = Debug|Win32
		{9EA16350-FCE2-42D9-A564-B004CEAE5D77}.Release|Any CPU.ActiveCfg = Release|x64
		{9EA16350-FCE2-42D9-A564-B004CEAE5D77}.Release|Any CPU.Build.0 = Release|x64
		{9EA16350-FCE2-42D9-A564-B004CEAE5D77}.Release|x64.ActiveCfg = Release|x64
		{9EA16350-FCE2-42D9-A564-B004CEAE5D77}.Release|x64.Build.0 = Release|x64
		{9EA16350-FCE2-42D9-A564-B004CEAE5D77}.Release|x86.ActiveCfg = Release|Win32
		{9EA16350-FCE2-42D9-A564-B004CEAE5D77}.Release|x86.Build.0 = Release|Win32
	EndGlobalSection
	GlobalSection(SolutionProperties) = preSolution
		HideSolutionNode = FALSE
	EndGlobalSection
	GlobalSection(ExtensibilityGlobals) = postSolution
		SolutionGuid = {CFFD1952-D3CE-4CAE-AE9C-102674EB4BC0}
	EndGlobalSection
EndGlobal
